
Microsoft Visual Studio Solution File, Format Version 12.00
# Visual Studio Version 17
VisualStudioVersion = 17.7.34221.43
MinimumVisualStudioVersion = 10.0.40219.1
Project("{FAE04EC0-301F-11D3-BF4B-00C04F79EFBC}") = "WebApplicationMVC", "WebApplicationMVC\WebApplicationMVC.csproj", "{8927E1B0-0E9F-4892-92FC-4F8A9440EA60}"
EndProject
Global
	GlobalSection(SolutionConfigurationPlatforms) = preSolution
		Debug|Any CPU = Debug|Any CPU
		Release|Any CPU = Release|Any CPU
	EndGlobalSection
	GlobalSection(ProjectConfigurationPlatforms) = postSolution
		{8927E1B0-0E9F-4892-92FC-4F8A9440EA60}.Debug|Any CPU.ActiveCfg = Debug|Any CPU
		{8927E1B0-0E9F-4892-92FC-4F8A9440EA60}.Debug|Any CPU.Build.0 = Debug|Any CPU
		{8927E1B0-0E9F-4892-92FC-4F8A9440EA60}.Release|Any CPU.ActiveCfg = Release|Any CPU
		{8927E1B0-0E9F-4892-92FC-4F8A9440EA60}.Release|Any CPU.Build.0 = Release|Any CPU
	EndGlobalSection
	GlobalSection(SolutionProperties) = preSolution
		HideSolutionNode = FALSE
	EndGlobalSection
	GlobalSection(ExtensibilityGlobals) = postSolution
		SolutionGuid = {A05BB851-7AF9-4326-AEB8-BBC2FF015D7B}
	EndGlobalSection
EndGlobal
